// !$*UTF8*$!
{
	archiveVersion = 1;
	classes = {
	};
	objectVersion = 46;
	objects = {

/* Begin PBXBuildFile section */
		AF94E39C1E5A9A3C00867BB3 /* MKCoordinateRegion+String.swift in Sources */ = {isa = PBXBuildFile; fileRef = AF94E39B1E5A9A3B00867BB3 /* MKCoordinateRegion+String.swift */; };
		AF94E39E1E5AAC8700867BB3 /* ReplyViewController.swift in Sources */ = {isa = PBXBuildFile; fileRef = AF94E39D1E5AAC8700867BB3 /* ReplyViewController.swift */; };
		AFEE693B1E545427006B96E2 /* AppDelegate.swift in Sources */ = {isa = PBXBuildFile; fileRef = AFEE693A1E545427006B96E2 /* AppDelegate.swift */; };
		AFEE693D1E545427006B96E2 /* ViewController.swift in Sources */ = {isa = PBXBuildFile; fileRef = AFEE693C1E545427006B96E2 /* ViewController.swift */; };
		AFEE69401E545427006B96E2 /* Main.storyboard in Resources */ = {isa = PBXBuildFile; fileRef = AFEE693E1E545427006B96E2 /* Main.storyboard */; };
		AFEE69421E545427006B96E2 /* Assets.xcassets in Resources */ = {isa = PBXBuildFile; fileRef = AFEE69411E545427006B96E2 /* Assets.xcassets */; };
		AFEE69451E545427006B96E2 /* LaunchScreen.storyboard in Resources */ = {isa = PBXBuildFile; fileRef = AFEE69431E545427006B96E2 /* LaunchScreen.storyboard */; };
		AFEE694D1E5461A3006B96E2 /* FBSDKMessengerShareKit.framework in Frameworks */ = {isa = PBXBuildFile; fileRef = AFEE694C1E5461A3006B96E2 /* FBSDKMessengerShareKit.framework */; };
/* End PBXBuildFile section */

/* Begin PBXFileReference section */
		AF94E39B1E5A9A3B00867BB3 /* MKCoordinateRegion+String.swift */ = {isa = PBXFileReference; fileEncoding = 4; lastKnownFileType = sourcecode.swift; path = "MKCoordinateRegion+String.swift"; sourceTree = "<group>"; };
		AF94E39D1E5AAC8700867BB3 /* ReplyViewController.swift */ = {isa = PBXFileReference; fileEncoding = 4; lastKnownFileType = sourcecode.swift; path = ReplyViewController.swift; sourceTree = "<group>"; };
		AF9721CB1E555AF9002ECFAC /* Config.xcconfig */ = {isa = PBXFileReference; fileEncoding = 4; lastKnownFileType = text.xcconfig; path = Config.xcconfig; sourceTree = "<group>"; };
		AFEE69371E545427006B96E2 /* MessengerExpressions.app */ = {isa = PBXFileReference; explicitFileType = wrapper.application; includeInIndex = 0; path = MessengerExpressions.app; sourceTree = BUILT_PRODUCTS_DIR; };
		AFEE693A1E545427006B96E2 /* AppDelegate.swift */ = {isa = PBXFileReference; lastKnownFileType = sourcecode.swift; path = AppDelegate.swift; sourceTree = "<group>"; };
		AFEE693C1E545427006B96E2 /* ViewController.swift */ = {isa = PBXFileReference; lastKnownFileType = sourcecode.swift; path = ViewController.swift; sourceTree = "<group>"; };
		AFEE693F1E545427006B96E2 /* Base */ = {isa = PBXFileReference; lastKnownFileType = file.storyboard; name = Base; path = Base.lproj/Main.storyboard; sourceTree = "<group>"; };
		AFEE69411E545427006B96E2 /* Assets.xcassets */ = {isa = PBXFileReference; lastKnownFileType = folder.assetcatalog; path = Assets.xcassets; sourceTree = "<group>"; };
		AFEE69441E545427006B96E2 /* Base */ = {isa = PBXFileReference; lastKnownFileType = file.storyboard; name = Base; path = Base.lproj/LaunchScreen.storyboard; sourceTree = "<group>"; };
		AFEE69461E545427006B96E2 /* Info.plist */ = {isa = PBXFileReference; lastKnownFileType = text.plist.xml; path = Info.plist; sourceTree = "<group>"; };
		AFEE694C1E5461A3006B96E2 /* FBSDKMessengerShareKit.framework */ = {isa = PBXFileReference; lastKnownFileType = wrapper.framework; path = FBSDKMessengerShareKit.framework; sourceTree = "<group>"; };
/* End PBXFileReference section */

/* Begin PBXFrameworksBuildPhase section */
		AFEE69341E545427006B96E2 /* Frameworks */ = {
			isa = PBXFrameworksBuildPhase;
			buildActionMask = 2147483647;
			files = (
				AFEE694D1E5461A3006B96E2 /* FBSDKMessengerShareKit.framework in Frameworks */,
			);
			runOnlyForDeploymentPostprocessing = 0;
		};
/* End PBXFrameworksBuildPhase section */

/* Begin PBXGroup section */
		AFEE692E1E545427006B96E2 = {
			isa = PBXGroup;
			children = (
				AFEE69391E545427006B96E2 /* MessengerExpressions */,
				AFEE69381E545427006B96E2 /* Products */,
			);
			sourceTree = "<group>";
		};
		AFEE69381E545427006B96E2 /* Products */ = {
			isa = PBXGroup;
			children = (
				AFEE69371E545427006B96E2 /* MessengerExpressions.app */,
			);
			name = Products;
			sourceTree = "<group>";
		};
		AFEE69391E545427006B96E2 /* MessengerExpressions */ = {
			isa = PBXGroup;
			children = (
				AFEE693A1E545427006B96E2 /* AppDelegate.swift */,
				AFEE693C1E545427006B96E2 /* ViewController.swift */,
				AFEE693E1E545427006B96E2 /* Main.storyboard */,
				AFEE69411E545427006B96E2 /* Assets.xcassets */,
				AFEE69431E545427006B96E2 /* LaunchScreen.storyboard */,
				AFEE69461E545427006B96E2 /* Info.plist */,
				AF9721CB1E555AF9002ECFAC /* Config.xcconfig */,
				AFEE694C1E5461A3006B96E2 /* FBSDKMessengerShareKit.framework */,
				AF94E39B1E5A9A3B00867BB3 /* MKCoordinateRegion+String.swift */,
				AF94E39D1E5AAC8700867BB3 /* ReplyViewController.swift */,
			);
			path = MessengerExpressions;
			sourceTree = "<group>";
		};
/* End PBXGroup section */

/* Begin PBXNativeTarget section */
		AFEE69361E545427006B96E2 /* MessengerExpressions */ = {
			isa = PBXNativeTarget;
			buildConfigurationList = AFEE69491E545427006B96E2 /* Build configuration list for PBXNativeTarget "MessengerExpressions" */;
			buildPhases = (
				AFEE69331E545427006B96E2 /* Sources */,
				AFEE69341E545427006B96E2 /* Frameworks */,
				AFEE69351E545427006B96E2 /* Resources */,
			);
			buildRules = (
			);
			dependencies = (
			);
			name = MessengerExpressions;
			productName = MessengerExpressions;
			productReference = AFEE69371E545427006B96E2 /* MessengerExpressions.app */;
			productType = "com.apple.product-type.application";
		};
/* End PBXNativeTarget section */

/* Begin PBXProject section */
		AFEE692F1E545427006B96E2 /* Project object */ = {
			isa = PBXProject;
			attributes = {
				LastSwiftUpdateCheck = 0820;
				LastUpgradeCheck = 0820;
				ORGANIZATIONNAME = "Wayne Yeh";
				TargetAttributes = {
					AFEE69361E545427006B96E2 = {
						CreatedOnToolsVersion = 8.2.1;
						DevelopmentTeam = ZRU74Q6CGE;
						ProvisioningStyle = Automatic;
					};
				};
			};
			buildConfigurationList = AFEE69321E545427006B96E2 /* Build configuration list for PBXProject "MessengerExpressions" */;
			compatibilityVersion = "Xcode 3.2";
			developmentRegion = English;
			hasScannedForEncodings = 0;
			knownRegions = (
				en,
				Base,
			);
			mainGroup = AFEE692E1E545427006B96E2;
			productRefGroup = AFEE69381E545427006B96E2 /* Products */;
			projectDirPath = "";
			projectRoot = "";
			targets = (
				AFEE69361E545427006B96E2 /* MessengerExpressions */,
			);
		};
/* End PBXProject section */

/* Begin PBXResourcesBuildPhase section */
		AFEE69351E545427006B96E2 /* Resources */ = {
			isa = PBXResourcesBuildPhase;
			buildActionMask = 2147483647;
			files = (
				AFEE69451E545427006B96E2 /* LaunchScreen.storyboard in Resources */,
				AFEE69421E545427006B96E2 /* Assets.xcassets in Resources */,
				AFEE69401E545427006B96E2 /* Main.storyboard in Resources */,
			);
			runOnlyForDeploymentPostprocessing = 0;
		};
/* End PBXResourcesBuildPhase section */

/* Begin PBXSourcesBuildPhase section */
		AFEE69331E545427006B96E2 /* Sources */ = {
			isa = PBXSourcesBuildPhase;
			buildActionMask = 2147483647;
			files = (
				AF94E39C1E5A9A3C00867BB3 /* MKCoordinateRegion+String.swift in Sources */,
				AFEE693D1E545427006B96E2 /* ViewController.swift in Sources */,
				AFEE693B1E545427006B96E2 /* AppDelegate.swift in Sources */,
				AF94E39E1E5AAC8700867BB3 /* ReplyViewController.swift in Sources */,
			);
			runOnlyForDeploymentPostprocessing = 0;
		};
/* End PBXSourcesBuildPhase section */

/* Begin PBXVariantGroup section */
		AFEE693E1E545427006B96E2 /* Main.storyboard */ = {
			isa = PBXVariantGroup;
			children = (
				AFEE693F1E545427006B96E2 /* Base */,
			);
			name = Main.storyboard;
			sourceTree = "<group>";
		};
		AFEE69431E545427006B96E2 /* LaunchScreen.storyboard */ = {
			isa = PBXVariantGroup;
			children = (
				AFEE69441E545427006B96E2 /* Base */,
			);
			name = LaunchScreen.storyboard;
			sourceTree = "<group>";
		};
/* End PBXVariantGroup section */

/* Begin XCBuildConfiguration section */
		AFEE69471E545427006B96E2 /* Debug */ = {
			isa = XCBuildConfiguration;
			buildSettings = {
				ALWAYS_SEARCH_USER_PATHS = NO;
				CLANG_ANALYZER_NONNULL = YES;
				CLANG_CXX_LANGUAGE_STANDARD = "gnu++0x";
				CLANG_CXX_LIBRARY = "libc++";
				CLANG_ENABLE_MODULES = YES;
				CLANG_ENABLE_OBJC_ARC = YES;
				CLANG_WARN_BOOL_CONVERSION = YES;
				CLANG_WARN_CONSTANT_CONVERSION = YES;
				CLANG_WARN_DIRECT_OBJC_ISA_USAGE = YES_ERROR;
				CLANG_WARN_DOCUMENTATION_COMMENTS = YES;
				CLANG_WARN_EMPTY_BODY = YES;
				CLANG_WARN_ENUM_CONVERSION = YES;
				CLANG_WARN_INFINITE_RECURSION = YES;
				CLANG_WARN_INT_CONVERSION = YES;
				CLANG_WARN_OBJC_ROOT_CLASS = YES_ERROR;
				CLANG_WARN_SUSPICIOUS_MOVE = YES;
				CLANG_WARN_UNREACHABLE_CODE = YES;
				CLANG_WARN__DUPLICATE_METHOD_MATCH = YES;
				"CODE_SIGN_IDENTITY[sdk=iphoneos*]" = "iPhone Developer";
				COPY_PHASE_STRIP = NO;
				DEBUG_INFORMATION_FORMAT = dwarf;
				ENABLE_STRICT_OBJC_MSGSEND = YES;
				ENABLE_TESTABILITY = YES;
				GCC_C_LANGUAGE_STANDARD = gnu99;
				GCC_DYNAMIC_NO_PIC = NO;
				GCC_NO_COMMON_BLOCKS = YES;
				GCC_OPTIMIZATION_LEVEL = 0;
				GCC_PREPROCESSOR_DEFINITIONS = (
					"DEBUG=1",
					"$(inherited)",
				);
				GCC_WARN_64_TO_32_BIT_CONVERSION = YES;
				GCC_WARN_ABOUT_RETURN_TYPE = YES_ERROR;
				GCC_WARN_UNDECLARED_SELECTOR = YES;
				GCC_WARN_UNINITIALIZED_AUTOS = YES_AGGRESSIVE;
				GCC_WARN_UNUSED_FUNCTION = YES;
				GCC_WARN_UNUSED_VARIABLE = YES;
				IPHONEOS_DEPLOYMENT_TARGET = 10.2;
				MTL_ENABLE_DEBUG_INFO = YES;
				ONLY_ACTIVE_ARCH = YES;
				SDKROOT = iphoneos;
				SWIFT_ACTIVE_COMPILATION_CONDITIONS = DEBUG;
				SWIFT_OPTIMIZATION_LEVEL = "-Onone";
				TARGETED_DEVICE_FAMILY = "1,2";
			};
			name = Debug;
		};
		AFEE69481E545427006B96E2 /* Release */ = {
			isa = XCBuildConfiguration;
			buildSettings = {
				ALWAYS_SEARCH_USER_PATHS = NO;
				CLANG_ANALYZER_NONNULL = YES;
				CLANG_CXX_LANGUAGE_STANDARD = "gnu++0x";
				CLANG_CXX_LIBRARY = "libc++";
				CLANG_ENABLE_MODULES = YES;
				CLANG_ENABLE_OBJC_ARC = YES;
				CLANG_WARN_BOOL_CONVERSION = YES;
				CLANG_WARN_CONSTANT_CONVERSION = YES;
				CLANG_WARN_DIRECT_OBJC_ISA_USAGE = YES_ERROR;
				CLANG_WARN_DOCUMENTATION_COMMENTS = YES;
				CLANG_WARN_EMPTY_BODY = YES;
				CLANG_WARN_ENUM_CONVERSION = YES;
				CLANG_WARN_INFINITE_RECURSION = YES;
				CLANG_WARN_INT_CONVERSION = YES;
				CLANG_WARN_OBJC_ROOT_CLASS = YES_ERROR;
				CLANG_WARN_SUSPICIOUS_MOVE = YES;
				CLANG_WARN_UNREACHABLE_CODE = YES;
				CLANG_WARN__DUPLICATE_METHOD_MATCH = YES;
				"CODE_SIGN_IDENTITY[sdk=iphoneos*]" = "iPhone Developer";
				COPY_PHASE_STRIP = NO;
				DEBUG_INFORMATION_FORMAT = "dwarf-with-dsym";
				ENABLE_NS_ASSERTIONS = NO;
				ENABLE_STRICT_OBJC_MSGSEND = YES;
				GCC_C_LANGUAGE_STANDARD = gnu99;
				GCC_NO_COMMON_BLOCKS = YES;
				GCC_WARN_64_TO_32_BIT_CONVERSION = YES;
				GCC_WARN_ABOUT_RETURN_TYPE = YES_ERROR;
				GCC_WARN_UNDECLARED_SELECTOR = YES;
				GCC_WARN_UNINITIALIZED_AUTOS = YES_AGGRESSIVE;
				GCC_WARN_UNUSED_FUNCTION = YES;
				GCC_WARN_UNUSED_VARIABLE = YES;
				IPHONEOS_DEPLOYMENT_TARGET = 10.2;
				MTL_ENABLE_DEBUG_INFO = NO;
				SDKROOT = iphoneos;
				SWIFT_OPTIMIZATION_LEVEL = "-Owholemodule";
				TARGETED_DEVICE_FAMILY = "1,2";
				VALIDATE_PRODUCT = YES;
			};
			name = Release;
		};
		AFEE694A1E545427006B96E2 /* Debug */ = {
			isa = XCBuildConfiguration;
			baseConfigurationReference = AF9721CB1E555AF9002ECFAC /* Config.xcconfig */;
			buildSettings = {
				ASSETCATALOG_COMPILER_APPICON_NAME = AppIcon;
				DEVELOPMENT_TEAM = ZRU74Q6CGE;
				FRAMEWORK_SEARCH_PATHS = (
					"$(inherited)",
					"$(PROJECT_DIR)/MessengerExpressions",
				);
				INFOPLIST_FILE = MessengerExpressions/Info.plist;
				LD_RUNPATH_SEARCH_PATHS = "$(inherited) @executable_path/Frameworks";
				PRODUCT_BUNDLE_IDENTIFIER = app.yyc.MessengerExpressions;
				PRODUCT_NAME = "$(TARGET_NAME)";
				SWIFT_VERSION = 3.0;
			};
			name = Debug;
		};
		AFEE694B1E545427006B96E2 /* Release */ = {
			isa = XCBuildConfiguration;
			baseConfigurationReference = AF9721CB1E555AF9002ECFAC /* Config.xcconfig */;
			buildSettings = {
				ASSETCATALOG_COMPILER_APPICON_NAME = AppIcon;
				DEVELOPMENT_TEAM = ZRU74Q6CGE;
				FRAMEWORK_SEARCH_PATHS = (
					"$(inherited)",
					"$(PROJECT_DIR)/MessengerExpressions",
				);
				INFOPLIST_FILE = MessengerExpressions/Info.plist;
				LD_RUNPATH_SEARCH_PATHS = "$(inherited) @executable_path/Frameworks";
				PRODUCT_BUNDLE_IDENTIFIER = app.yyc.MessengerExpressions;
				PRODUCT_NAME = "$(TARGET_NAME)";
				SWIFT_VERSION = 3.0;
			};
			name = Release;
		};
/* End XCBuildConfiguration section */

/* Begin XCConfigurationList section */
		AFEE69321E545427006B96E2 /* Build configuration list for PBXProject "MessengerExpressions" */ = {
			isa = XCConfigurationList;
			buildConfigurations = (
				AFEE69471E545427006B96E2 /* Debug */,
				AFEE69481E545427006B96E2 /* Release */,
			);
			defaultConfigurationIsVisible = 0;
			defaultConfigurationName = Release;
		};
		AFEE69491E545427006B96E2 /* Build configuration list for PBXNativeTarget "MessengerExpressions" */ = {
			isa = XCConfigurationList;
			buildConfigurations = (
				AFEE694A1E545427006B96E2 /* Debug */,
				AFEE694B1E545427006B96E2 /* Release */,
			);
			defaultConfigurationIsVisible = 0;
			defaultConfigurationName = Release;
		};
/* End XCConfigurationList section */
	};
	rootObject = AFEE692F1E545427006B96E2 /* Project object */;
}
